
Microsoft Visual Studio Solution File, Format Version 12.00
# Visual Studio Version 17
VisualStudioVersion = 17.2.32630.192
MinimumVisualStudioVersion = 10.0.40219.1
Project("{FAE04EC0-301F-11D3-BF4B-00C04F79EFBC}") = "FaceAutomation2", "FaceAutomation2.csproj", "{D458B3BC-B6F4-4801-88C0-820C58E20BE5}"
EndProject
Global
	GlobalSection(SolutionConfigurationPlatforms) = preSolution
		Debug|Any CPU = Debug|Any CPU
		Release|Any CPU = Release|Any CPU
	EndGlobalSection
	GlobalSection(ProjectConfigurationPlatforms) = postSolution
		{D458B3BC-B6F4-4801-88C0-820C58E20BE5}.Debug|Any CPU.ActiveCfg = Debug|Any CPU
		{D458B3BC-B6F4-4801-88C0-820C58E20BE5}.Debug|Any CPU.Build.0 = Debug|Any CPU
		{D458B3BC-B6F4-4801-88C0-820C58E20BE5}.Release|Any CPU.ActiveCfg = Release|Any CPU
		{D458B3BC-B6F4-4801-88C0-820C58E20BE5}.Release|Any CPU.Build.0 = Release|Any CPU
	EndGlobalSection
	GlobalSection(SolutionProperties) = preSolution
		HideSolutionNode = FALSE
	EndGlobalSection
	GlobalSection(ExtensibilityGlobals) = postSolution
		SolutionGuid = {36B4AE57-1E5F-494B-A7D6-C8DABAABD1D9}
	EndGlobalSection
EndGlobal
